
Microsoft Visual Studio Solution File, Format Version 12.00
# Visual Studio 2013
VisualStudioVersion = 12.0.21005.1
MinimumVisualStudioVersion = 10.0.40219.1
Project("{8BC9CEB8-8B4A-11D0-8D11-00A0C91BC942}") = "c++string", "c++string\c++string.vcxproj", "{1FAD3873-93B5-4E88-A97F-3E6524BC727E}"
EndProject
Global
	GlobalSection(SolutionConfigurationPlatforms) = preSolution
		Debug|Win32 = Debug|Win32
		Release|Win32 = Release|Win32
	EndGlobalSection
	GlobalSection(ProjectConfigurationPlatforms) = postSolution
		{1FAD3873-93B5-4E88-A97F-3E6524BC727E}.Debug|Win32.ActiveCfg = Debug|Win32
		{1FAD3873-93B5-4E88-A97F-3E6524BC727E}.Debug|Win32.Build.0 = Debug|Win32
		{1FAD3873-93B5-4E88-A97F-3E6524BC727E}.Release|Win32.ActiveCfg = Release|Win32
		{1FAD3873-93B5-4E88-A97F-3E6524BC727E}.Release|Win32.Build.0 = Release|Win32
	EndGlobalSection
	GlobalSection(SolutionProperties) = preSolution
		HideSolutionNode = FALSE
	EndGlobalSection
EndGlobal
