
Microsoft Visual Studio Solution File, Format Version 12.00
# Visual Studio 2013
VisualStudioVersion = 12.0.21005.1
MinimumVisualStudioVersion = 10.0.40219.1
Project("{8BC9CEB8-8B4A-11D0-8D11-00A0C91BC942}") = "年终奖", "年终奖\年终奖.vcxproj", "{5025C211-8638-466B-A43A-423B7C515FC2}"
EndProject
Global
	GlobalSection(SolutionConfigurationPlatforms) = preSolution
		Debug|Win32 = Debug|Win32
		Release|Win32 = Release|Win32
	EndGlobalSection
	GlobalSection(ProjectConfigurationPlatforms) = postSolution
		{5025C211-8638-466B-A43A-423B7C515FC2}.Debug|Win32.ActiveCfg = Debug|Win32
		{5025C211-8638-466B-A43A-423B7C515FC2}.Debug|Win32.Build.0 = Debug|Win32
		{5025C211-8638-466B-A43A-423B7C515FC2}.Release|Win32.ActiveCfg = Release|Win32
		{5025C211-8638-466B-A43A-423B7C515FC2}.Release|Win32.Build.0 = Release|Win32
	EndGlobalSection
	GlobalSection(SolutionProperties) = preSolution
		HideSolutionNode = FALSE
	EndGlobalSection
EndGlobal
