
Microsoft Visual Studio Solution File, Format Version 12.00
# Visual Studio 2013
VisualStudioVersion = 12.0.21005.1
MinimumVisualStudioVersion = 10.0.40219.1
Project("{8BC9CEB8-8B4A-11D0-8D11-00A0C91BC942}") = "string4", "string4\string4.vcxproj", "{24C37AC4-5825-4DFD-B6DD-D01F8E52C2B8}"
EndProject
Global
	GlobalSection(SolutionConfigurationPlatforms) = preSolution
		Debug|Win32 = Debug|Win32
		Release|Win32 = Release|Win32
	EndGlobalSection
	GlobalSection(ProjectConfigurationPlatforms) = postSolution
		{24C37AC4-5825-4DFD-B6DD-D01F8E52C2B8}.Debug|Win32.ActiveCfg = Debug|Win32
		{24C37AC4-5825-4DFD-B6DD-D01F8E52C2B8}.Debug|Win32.Build.0 = Debug|Win32
		{24C37AC4-5825-4DFD-B6DD-D01F8E52C2B8}.Release|Win32.ActiveCfg = Release|Win32
		{24C37AC4-5825-4DFD-B6DD-D01F8E52C2B8}.Release|Win32.Build.0 = Release|Win32
	EndGlobalSection
	GlobalSection(SolutionProperties) = preSolution
		HideSolutionNode = FALSE
	EndGlobalSection
EndGlobal
