
Microsoft Visual Studio Solution File, Format Version 12.00
# Visual Studio 2013
VisualStudioVersion = 12.0.21005.1
MinimumVisualStudioVersion = 10.0.40219.1
Project("{8BC9CEB8-8B4A-11D0-8D11-00A0C91BC942}") = "c++RBTree4", "c++RBTree4\c++RBTree4.vcxproj", "{554864A9-6C35-49E7-B4C7-B92ED6F94CCA}"
EndProject
Global
	GlobalSection(SolutionConfigurationPlatforms) = preSolution
		Debug|Win32 = Debug|Win32
		Release|Win32 = Release|Win32
	EndGlobalSection
	GlobalSection(ProjectConfigurationPlatforms) = postSolution
		{554864A9-6C35-49E7-B4C7-B92ED6F94CCA}.Debug|Win32.ActiveCfg = Debug|Win32
		{554864A9-6C35-49E7-B4C7-B92ED6F94CCA}.Debug|Win32.Build.0 = Debug|Win32
		{554864A9-6C35-49E7-B4C7-B92ED6F94CCA}.Release|Win32.ActiveCfg = Release|Win32
		{554864A9-6C35-49E7-B4C7-B92ED6F94CCA}.Release|Win32.Build.0 = Release|Win32
	EndGlobalSection
	GlobalSection(SolutionProperties) = preSolution
		HideSolutionNode = FALSE
	EndGlobalSection
EndGlobal
