
Microsoft Visual Studio Solution File, Format Version 12.00
# Visual Studio 2013
VisualStudioVersion = 12.0.21005.1
MinimumVisualStudioVersion = 10.0.40219.1
Project("{8BC9CEB8-8B4A-11D0-8D11-00A0C91BC942}") = "电话号码查找系统", "电话号码查找系统\电话号码查找系统.vcxproj", "{F873B253-C29D-4C77-A328-E093AE3EBB8E}"
EndProject
Global
	GlobalSection(SolutionConfigurationPlatforms) = preSolution
		Debug|Win32 = Debug|Win32
		Release|Win32 = Release|Win32
	EndGlobalSection
	GlobalSection(ProjectConfigurationPlatforms) = postSolution
		{F873B253-C29D-4C77-A328-E093AE3EBB8E}.Debug|Win32.ActiveCfg = Debug|Win32
		{F873B253-C29D-4C77-A328-E093AE3EBB8E}.Debug|Win32.Build.0 = Debug|Win32
		{F873B253-C29D-4C77-A328-E093AE3EBB8E}.Release|Win32.ActiveCfg = Release|Win32
		{F873B253-C29D-4C77-A328-E093AE3EBB8E}.Release|Win32.Build.0 = Release|Win32
	EndGlobalSection
	GlobalSection(SolutionProperties) = preSolution
		HideSolutionNode = FALSE
	EndGlobalSection
EndGlobal
