
Microsoft Visual Studio Solution File, Format Version 12.00
# Visual Studio 2013
VisualStudioVersion = 12.0.21005.1
MinimumVisualStudioVersion = 10.0.40219.1
Project("{8BC9CEB8-8B4A-11D0-8D11-00A0C91BC942}") = "34寂寞的数", "34寂寞的数\34寂寞的数.vcxproj", "{BC7949D9-1FC8-4B02-9F16-D0956C6ED27B}"
EndProject
Global
	GlobalSection(SolutionConfigurationPlatforms) = preSolution
		Debug|Win32 = Debug|Win32
		Release|Win32 = Release|Win32
	EndGlobalSection
	GlobalSection(ProjectConfigurationPlatforms) = postSolution
		{BC7949D9-1FC8-4B02-9F16-D0956C6ED27B}.Debug|Win32.ActiveCfg = Debug|Win32
		{BC7949D9-1FC8-4B02-9F16-D0956C6ED27B}.Debug|Win32.Build.0 = Debug|Win32
		{BC7949D9-1FC8-4B02-9F16-D0956C6ED27B}.Release|Win32.ActiveCfg = Release|Win32
		{BC7949D9-1FC8-4B02-9F16-D0956C6ED27B}.Release|Win32.Build.0 = Release|Win32
	EndGlobalSection
	GlobalSection(SolutionProperties) = preSolution
		HideSolutionNode = FALSE
	EndGlobalSection
EndGlobal
