
Microsoft Visual Studio Solution File, Format Version 12.00
# Visual Studio 2013
VisualStudioVersion = 12.0.21005.1
MinimumVisualStudioVersion = 10.0.40219.1
Project("{8BC9CEB8-8B4A-11D0-8D11-00A0C91BC942}") = "12贪心算法练习均分纸牌", "12贪心算法练习均分纸牌\12贪心算法练习均分纸牌.vcxproj", "{8C7C2B2D-3FD6-4A79-98B9-67B74E949893}"
EndProject
Global
	GlobalSection(SolutionConfigurationPlatforms) = preSolution
		Debug|Win32 = Debug|Win32
		Release|Win32 = Release|Win32
	EndGlobalSection
	GlobalSection(ProjectConfigurationPlatforms) = postSolution
		{8C7C2B2D-3FD6-4A79-98B9-67B74E949893}.Debug|Win32.ActiveCfg = Debug|Win32
		{8C7C2B2D-3FD6-4A79-98B9-67B74E949893}.Debug|Win32.Build.0 = Debug|Win32
		{8C7C2B2D-3FD6-4A79-98B9-67B74E949893}.Release|Win32.ActiveCfg = Release|Win32
		{8C7C2B2D-3FD6-4A79-98B9-67B74E949893}.Release|Win32.Build.0 = Release|Win32
	EndGlobalSection
	GlobalSection(SolutionProperties) = preSolution
		HideSolutionNode = FALSE
	EndGlobalSection
EndGlobal
