
Microsoft Visual Studio Solution File, Format Version 12.00
# Visual Studio 2013
VisualStudioVersion = 12.0.21005.1
MinimumVisualStudioVersion = 10.0.40219.1
Project("{8BC9CEB8-8B4A-11D0-8D11-00A0C91BC942}") = "计算字符串的距离", "计算字符串的距离\计算字符串的距离.vcxproj", "{B241A15F-84A6-4DB4-85DE-79F3681B693A}"
EndProject
Global
	GlobalSection(SolutionConfigurationPlatforms) = preSolution
		Debug|Win32 = Debug|Win32
		Release|Win32 = Release|Win32
	EndGlobalSection
	GlobalSection(ProjectConfigurationPlatforms) = postSolution
		{B241A15F-84A6-4DB4-85DE-79F3681B693A}.Debug|Win32.ActiveCfg = Debug|Win32
		{B241A15F-84A6-4DB4-85DE-79F3681B693A}.Debug|Win32.Build.0 = Debug|Win32
		{B241A15F-84A6-4DB4-85DE-79F3681B693A}.Release|Win32.ActiveCfg = Release|Win32
		{B241A15F-84A6-4DB4-85DE-79F3681B693A}.Release|Win32.Build.0 = Release|Win32
	EndGlobalSection
	GlobalSection(SolutionProperties) = preSolution
		HideSolutionNode = FALSE
	EndGlobalSection
EndGlobal
